
Microsoft Visual Studio Solution File, Format Version 12.00
# Visual Studio Version 16
VisualStudioVersion = 16.0.31129.286
MinimumVisualStudioVersion = 10.0.40219.1
Project("{FAE04EC0-301F-11D3-BF4B-00C04F79EFBC}") = "Product_Management", "Product_Management\Product_Management.csproj", "{7853E0DA-66AE-47B9-B78A-02D8D3F349B6}"
EndProject
Global
	GlobalSection(SolutionConfigurationPlatforms) = preSolution
		Debug|Any CPU = Debug|Any CPU
		Release|Any CPU = Release|Any CPU
	EndGlobalSection
	GlobalSection(ProjectConfigurationPlatforms) = postSolution
		{7853E0DA-66AE-47B9-B78A-02D8D3F349B6}.Debug|Any CPU.ActiveCfg = Debug|Any CPU
		{7853E0DA-66AE-47B9-B78A-02D8D3F349B6}.Debug|Any CPU.Build.0 = Debug|Any CPU
		{7853E0DA-66AE-47B9-B78A-02D8D3F349B6}.Release|Any CPU.ActiveCfg = Release|Any CPU
		{7853E0DA-66AE-47B9-B78A-02D8D3F349B6}.Release|Any CPU.Build.0 = Release|Any CPU
	EndGlobalSection
	GlobalSection(SolutionProperties) = preSolution
		HideSolutionNode = FALSE
	EndGlobalSection
	GlobalSection(ExtensibilityGlobals) = postSolution
		SolutionGuid = {5D4C334A-706D-4CAF-ACEB-E980ABD45988}
	EndGlobalSection
EndGlobal
